// !$*UTF8*$!
{
	archiveVersion = 1;
	classes = {
	};
	objectVersion = 55;
	objects = {

/* Begin PBXBuildFile section */
		5EDB1C8C27A8413E00B6B5F3 /* AppDelegate.swift in Sources */ = {isa = PBXBuildFile; fileRef = 5EDB1C8B27A8413E00B6B5F3 /* AppDelegate.swift */; };
		5EDB1C8E27A8413E00B6B5F3 /* SceneDelegate.swift in Sources */ = {isa = PBXBuildFile; fileRef = 5EDB1C8D27A8413E00B6B5F3 /* SceneDelegate.swift */; };
		5EDB1C9027A8413E00B6B5F3 /* QuizController.swift in Sources */ = {isa = PBXBuildFile; fileRef = 5EDB1C8F27A8413E00B6B5F3 /* QuizController.swift */; };
		5EDB1C9327A8413E00B6B5F3 /* Main.storyboard in Resources */ = {isa = PBXBuildFile; fileRef = 5EDB1C9127A8413E00B6B5F3 /* Main.storyboard */; };
		5EDB1C9527A8413E00B6B5F3 /* Assets.xcassets in Resources */ = {isa = PBXBuildFile; fileRef = 5EDB1C9427A8413E00B6B5F3 /* Assets.xcassets */; };
		5EDB1C9827A8413E00B6B5F3 /* LaunchScreen.storyboard in Resources */ = {isa = PBXBuildFile; fileRef = 5EDB1C9627A8413E00B6B5F3 /* LaunchScreen.storyboard */; };
		5EDB1CA427A84EFF00B6B5F3 /* QuizModel.swift in Sources */ = {isa = PBXBuildFile; fileRef = 5EDB1CA327A84EFF00B6B5F3 /* QuizModel.swift */; };
		5EDB1CA627A84FF000B6B5F3 /* QuizQuestionBank.swift in Sources */ = {isa = PBXBuildFile; fileRef = 5EDB1CA527A84FF000B6B5F3 /* QuizQuestionBank.swift */; };
/* End PBXBuildFile section */

/* Begin PBXFileReference section */
		5EDB1C8827A8413E00B6B5F3 /* QuizAppV2.app */ = {isa = PBXFileReference; explicitFileType = wrapper.application; includeInIndex = 0; path = QuizAppV2.app; sourceTree = BUILT_PRODUCTS_DIR; };
		5EDB1C8B27A8413E00B6B5F3 /* AppDelegate.swift */ = {isa = PBXFileReference; lastKnownFileType = sourcecode.swift; path = AppDelegate.swift; sourceTree = "<group>"; };
		5EDB1C8D27A8413E00B6B5F3 /* SceneDelegate.swift */ = {isa = PBXFileReference; lastKnownFileType = sourcecode.swift; path = SceneDelegate.swift; sourceTree = "<group>"; };
		5EDB1C8F27A8413E00B6B5F3 /* QuizController.swift */ = {isa = PBXFileReference; lastKnownFileType = sourcecode.swift; path = QuizController.swift; sourceTree = "<group>"; };
		5EDB1C9227A8413E00B6B5F3 /* Base */ = {isa = PBXFileReference; lastKnownFileType = file.storyboard; name = Base; path = Base.lproj/Main.storyboard; sourceTree = "<group>"; };
		5EDB1C9427A8413E00B6B5F3 /* Assets.xcassets */ = {isa = PBXFileReference; lastKnownFileType = folder.assetcatalog; path = Assets.xcassets; sourceTree = "<group>"; };
		5EDB1C9727A8413E00B6B5F3 /* Base */ = {isa = PBXFileReference; lastKnownFileType = file.storyboard; name = Base; path = Base.lproj/LaunchScreen.storyboard; sourceTree = "<group>"; };
		5EDB1C9927A8413E00B6B5F3 /* Info.plist */ = {isa = PBXFileReference; lastKnownFileType = text.plist.xml; path = Info.plist; sourceTree = "<group>"; };
		5EDB1CA327A84EFF00B6B5F3 /* QuizModel.swift */ = {isa = PBXFileReference; lastKnownFileType = sourcecode.swift; path = QuizModel.swift; sourceTree = "<group>"; };
		5EDB1CA527A84FF000B6B5F3 /* QuizQuestionBank.swift */ = {isa = PBXFileReference; lastKnownFileType = sourcecode.swift; path = QuizQuestionBank.swift; sourceTree = "<group>"; };
/* End PBXFileReference section */

/* Begin PBXFrameworksBuildPhase section */
		5EDB1C8527A8413E00B6B5F3 /* Frameworks */ = {
			isa = PBXFrameworksBuildPhase;
			buildActionMask = 2147483647;
			files = (
			);
			runOnlyForDeploymentPostprocessing = 0;
		};
/* End PBXFrameworksBuildPhase section */

/* Begin PBXGroup section */
		5EDB1C7F27A8413E00B6B5F3 = {
			isa = PBXGroup;
			children = (
				5EDB1C8A27A8413E00B6B5F3 /* QuizAppV2 */,
				5EDB1C8927A8413E00B6B5F3 /* Products */,
			);
			sourceTree = "<group>";
		};
		5EDB1C8927A8413E00B6B5F3 /* Products */ = {
			isa = PBXGroup;
			children = (
				5EDB1C8827A8413E00B6B5F3 /* QuizAppV2.app */,
			);
			name = Products;
			sourceTree = "<group>";
		};
		5EDB1C8A27A8413E00B6B5F3 /* QuizAppV2 */ = {
			isa = PBXGroup;
			children = (
				5EDB1C8B27A8413E00B6B5F3 /* AppDelegate.swift */,
				5EDB1C8D27A8413E00B6B5F3 /* SceneDelegate.swift */,
				5EDB1C8F27A8413E00B6B5F3 /* QuizController.swift */,
				5EDB1C9F27A8417800B6B5F3 /* View */,
				5EDB1C9427A8413E00B6B5F3 /* Assets.xcassets */,
				5EDB1C9627A8413E00B6B5F3 /* LaunchScreen.storyboard */,
				5EDB1C9927A8413E00B6B5F3 /* Info.plist */,
				5EDB1CA327A84EFF00B6B5F3 /* QuizModel.swift */,
				5EDB1CA527A84FF000B6B5F3 /* QuizQuestionBank.swift */,
			);
			path = QuizAppV2;
			sourceTree = "<group>";
		};
		5EDB1C9F27A8417800B6B5F3 /* View */ = {
			isa = PBXGroup;
			children = (
				5EDB1C9127A8413E00B6B5F3 /* Main.storyboard */,
			);
			path = View;
			sourceTree = "<group>";
		};
/* End PBXGroup section */

/* Begin PBXNativeTarget section */
		5EDB1C8727A8413E00B6B5F3 /* QuizAppV2 */ = {
			isa = PBXNativeTarget;
			buildConfigurationList = 5EDB1C9C27A8413E00B6B5F3 /* Build configuration list for PBXNativeTarget "QuizAppV2" */;
			buildPhases = (
				5EDB1C8427A8413E00B6B5F3 /* Sources */,
				5EDB1C8527A8413E00B6B5F3 /* Frameworks */,
				5EDB1C8627A8413E00B6B5F3 /* Resources */,
			);
			buildRules = (
			);
			dependencies = (
			);
			name = QuizAppV2;
			productName = QuizAppV2;
			productReference = 5EDB1C8827A8413E00B6B5F3 /* QuizAppV2.app */;
			productType = "com.apple.product-type.application";
		};
/* End PBXNativeTarget section */

/* Begin PBXProject section */
		5EDB1C8027A8413E00B6B5F3 /* Project object */ = {
			isa = PBXProject;
			attributes = {
				BuildIndependentTargetsInParallel = 1;
				LastSwiftUpdateCheck = 1320;
				LastUpgradeCheck = 1320;
				TargetAttributes = {
					5EDB1C8727A8413E00B6B5F3 = {
						CreatedOnToolsVersion = 13.2.1;
					};
				};
			};
			buildConfigurationList = 5EDB1C8327A8413E00B6B5F3 /* Build configuration list for PBXProject "QuizAppV2" */;
			compatibilityVersion = "Xcode 13.0";
			developmentRegion = en;
			hasScannedForEncodings = 0;
			knownRegions = (
				en,
				Base,
			);
			mainGroup = 5EDB1C7F27A8413E00B6B5F3;
			productRefGroup = 5EDB1C8927A8413E00B6B5F3 /* Products */;
			projectDirPath = "";
			projectRoot = "";
			targets = (
				5EDB1C8727A8413E00B6B5F3 /* QuizAppV2 */,
			);
		};
/* End PBXProject section */

/* Begin PBXResourcesBuildPhase section */
		5EDB1C8627A8413E00B6B5F3 /* Resources */ = {
			isa = PBXResourcesBuildPhase;
			buildActionMask = 2147483647;
			files = (
				5EDB1C9827A8413E00B6B5F3 /* LaunchScreen.storyboard in Resources */,
				5EDB1C9527A8413E00B6B5F3 /* Assets.xcassets in Resources */,
				5EDB1C9327A8413E00B6B5F3 /* Main.storyboard in Resources */,
			);
			runOnlyForDeploymentPostprocessing = 0;
		};
/* End PBXResourcesBuildPhase section */

/* Begin PBXSourcesBuildPhase section */
		5EDB1C8427A8413E00B6B5F3 /* Sources */ = {
			isa = PBXSourcesBuildPhase;
			buildActionMask = 2147483647;
			files = (
				5EDB1CA427A84EFF00B6B5F3 /* QuizModel.swift in Sources */,
				5EDB1C9027A8413E00B6B5F3 /* QuizController.swift in Sources */,
				5EDB1C8C27A8413E00B6B5F3 /* AppDelegate.swift in Sources */,
				5EDB1C8E27A8413E00B6B5F3 /* SceneDelegate.swift in Sources */,
				5EDB1CA627A84FF000B6B5F3 /* QuizQuestionBank.swift in Sources */,
			);
			runOnlyForDeploymentPostprocessing = 0;
		};
/* End PBXSourcesBuildPhase section */

/* Begin PBXVariantGroup section */
		5EDB1C9127A8413E00B6B5F3 /* Main.storyboard */ = {
			isa = PBXVariantGroup;
			children = (
				5EDB1C9227A8413E00B6B5F3 /* Base */,
			);
			name = Main.storyboard;
			sourceTree = "<group>";
		};
		5EDB1C9627A8413E00B6B5F3 /* LaunchScreen.storyboard */ = {
			isa = PBXVariantGroup;
			children = (
				5EDB1C9727A8413E00B6B5F3 /* Base */,
			);
			name = LaunchScreen.storyboard;
			sourceTree = "<group>";
		};
/* End PBXVariantGroup section */

/* Begin XCBuildConfiguration section */
		5EDB1C9A27A8413E00B6B5F3 /* Debug */ = {
			isa = XCBuildConfiguration;
			buildSettings = {
				ALWAYS_SEARCH_USER_PATHS = NO;
				CLANG_ANALYZER_NONNULL = YES;
				CLANG_ANALYZER_NUMBER_OBJECT_CONVERSION = YES_AGGRESSIVE;
				CLANG_CXX_LANGUAGE_STANDARD = "gnu++17";
				CLANG_CXX_LIBRARY = "libc++";
				CLANG_ENABLE_MODULES = YES;
				CLANG_ENABLE_OBJC_ARC = YES;
				CLANG_ENABLE_OBJC_WEAK = YES;
				CLANG_WARN_BLOCK_CAPTURE_AUTORELEASING = YES;
				CLANG_WARN_BOOL_CONVERSION = YES;
				CLANG_WARN_COMMA = YES;
				CLANG_WARN_CONSTANT_CONVERSION = YES;
				CLANG_WARN_DEPRECATED_OBJC_IMPLEMENTATIONS = YES;
				CLANG_WARN_DIRECT_OBJC_ISA_USAGE = YES_ERROR;
				CLANG_WARN_DOCUMENTATION_COMMENTS = YES;
				CLANG_WARN_EMPTY_BODY = YES;
				CLANG_WARN_ENUM_CONVERSION = YES;
				CLANG_WARN_INFINITE_RECURSION = YES;
				CLANG_WARN_INT_CONVERSION = YES;
				CLANG_WARN_NON_LITERAL_NULL_CONVERSION = YES;
				CLANG_WARN_OBJC_IMPLICIT_RETAIN_SELF = YES;
				CLANG_WARN_OBJC_LITERAL_CONVERSION = YES;
				CLANG_WARN_OBJC_ROOT_CLASS = YES_ERROR;
				CLANG_WARN_QUOTED_INCLUDE_IN_FRAMEWORK_HEADER = YES;
				CLANG_WARN_RANGE_LOOP_ANALYSIS = YES;
				CLANG_WARN_STRICT_PROTOTYPES = YES;
				CLANG_WARN_SUSPICIOUS_MOVE = YES;
				CLANG_WARN_UNGUARDED_AVAILABILITY = YES_AGGRESSIVE;
				CLANG_WARN_UNREACHABLE_CODE = YES;
				CLANG_WARN__DUPLICATE_METHOD_MATCH = YES;
				COPY_PHASE_STRIP = NO;
				DEBUG_INFORMATION_FORMAT = dwarf;
				ENABLE_STRICT_OBJC_MSGSEND = YES;
				ENABLE_TESTABILITY = YES;
				GCC_C_LANGUAGE_STANDARD = gnu11;
				GCC_DYNAMIC_NO_PIC = NO;
				GCC_NO_COMMON_BLOCKS = YES;
				GCC_OPTIMIZATION_LEVEL = 0;
				GCC_PREPROCESSOR_DEFINITIONS = (
					"DEBUG=1",
					"$(inherited)",
				);
				GCC_WARN_64_TO_32_BIT_CONVERSION = YES;
				GCC_WARN_ABOUT_RETURN_TYPE = YES_ERROR;
				GCC_WARN_UNDECLARED_SELECTOR = YES;
				GCC_WARN_UNINITIALIZED_AUTOS = YES_AGGRESSIVE;
				GCC_WARN_UNUSED_FUNCTION = YES;
				GCC_WARN_UNUSED_VARIABLE = YES;
				IPHONEOS_DEPLOYMENT_TARGET = 15.2;
				MTL_ENABLE_DEBUG_INFO = INCLUDE_SOURCE;
				MTL_FAST_MATH = YES;
				ONLY_ACTIVE_ARCH = YES;
				SDKROOT = iphoneos;
				SWIFT_ACTIVE_COMPILATION_CONDITIONS = DEBUG;
				SWIFT_OPTIMIZATION_LEVEL = "-Onone";
			};
			name = Debug;
		};
		5EDB1C9B27A8413E00B6B5F3 /* Release */ = {
			isa = XCBuildConfiguration;
			buildSettings = {
				ALWAYS_SEARCH_USER_PATHS = NO;
				CLANG_ANALYZER_NONNULL = YES;
				CLANG_ANALYZER_NUMBER_OBJECT_CONVERSION = YES_AGGRESSIVE;
				CLANG_CXX_LANGUAGE_STANDARD = "gnu++17";
				CLANG_CXX_LIBRARY = "libc++";
				CLANG_ENABLE_MODULES = YES;
				CLANG_ENABLE_OBJC_ARC = YES;
				CLANG_ENABLE_OBJC_WEAK = YES;
				CLANG_WARN_BLOCK_CAPTURE_AUTORELEASING = YES;
				CLANG_WARN_BOOL_CONVERSION = YES;
				CLANG_WARN_COMMA = YES;
				CLANG_WARN_CONSTANT_CONVERSION = YES;
				CLANG_WARN_DEPRECATED_OBJC_IMPLEMENTATIONS = YES;
				CLANG_WARN_DIRECT_OBJC_ISA_USAGE = YES_ERROR;
				CLANG_WARN_DOCUMENTATION_COMMENTS = YES;
				CLANG_WARN_EMPTY_BODY = YES;
				CLANG_WARN_ENUM_CONVERSION = YES;
				CLANG_WARN_INFINITE_RECURSION = YES;
				CLANG_WARN_INT_CONVERSION = YES;
				CLANG_WARN_NON_LITERAL_NULL_CONVERSION = YES;
				CLANG_WARN_OBJC_IMPLICIT_RETAIN_SELF = YES;
				CLANG_WARN_OBJC_LITERAL_CONVERSION = YES;
				CLANG_WARN_OBJC_ROOT_CLASS = YES_ERROR;
				CLANG_WARN_QUOTED_INCLUDE_IN_FRAMEWORK_HEADER = YES;
				CLANG_WARN_RANGE_LOOP_ANALYSIS = YES;
				CLANG_WARN_STRICT_PROTOTYPES = YES;
				CLANG_WARN_SUSPICIOUS_MOVE = YES;
				CLANG_WARN_UNGUARDED_AVAILABILITY = YES_AGGRESSIVE;
				CLANG_WARN_UNREACHABLE_CODE = YES;
				CLANG_WARN__DUPLICATE_METHOD_MATCH = YES;
				COPY_PHASE_STRIP = NO;
				DEBUG_INFORMATION_FORMAT = "dwarf-with-dsym";
				ENABLE_NS_ASSERTIONS = NO;
				ENABLE_STRICT_OBJC_MSGSEND = YES;
				GCC_C_LANGUAGE_STANDARD = gnu11;
				GCC_NO_COMMON_BLOCKS = YES;
				GCC_WARN_64_TO_32_BIT_CONVERSION = YES;
				GCC_WARN_ABOUT_RETURN_TYPE = YES_ERROR;
				GCC_WARN_UNDECLARED_SELECTOR = YES;
				GCC_WARN_UNINITIALIZED_AUTOS = YES_AGGRESSIVE;
				GCC_WARN_UNUSED_FUNCTION = YES;
				GCC_WARN_UNUSED_VARIABLE = YES;
				IPHONEOS_DEPLOYMENT_TARGET = 15.2;
				MTL_ENABLE_DEBUG_INFO = NO;
				MTL_FAST_MATH = YES;
				SDKROOT = iphoneos;
				SWIFT_COMPILATION_MODE = wholemodule;
				SWIFT_OPTIMIZATION_LEVEL = "-O";
				VALIDATE_PRODUCT = YES;
			};
			name = Release;
		};
		5EDB1C9D27A8413E00B6B5F3 /* Debug */ = {
			isa = XCBuildConfiguration;
			buildSettings = {
				ASSETCATALOG_COMPILER_APPICON_NAME = AppIcon;
				ASSETCATALOG_COMPILER_GLOBAL_ACCENT_COLOR_NAME = AccentColor;
				CODE_SIGN_STYLE = Automatic;
				CURRENT_PROJECT_VERSION = 1;
				DEVELOPMENT_TEAM = GXPW95FM4F;
				GENERATE_INFOPLIST_FILE = YES;
				INFOPLIST_FILE = QuizAppV2/Info.plist;
				INFOPLIST_KEY_UIApplicationSupportsIndirectInputEvents = YES;
				INFOPLIST_KEY_UILaunchStoryboardName = LaunchScreen;
				INFOPLIST_KEY_UIMainStoryboardFile = Main;
				INFOPLIST_KEY_UISupportedInterfaceOrientations_iPad = "UIInterfaceOrientationPortrait UIInterfaceOrientationPortraitUpsideDown UIInterfaceOrientationLandscapeLeft UIInterfaceOrientationLandscapeRight";
				INFOPLIST_KEY_UISupportedInterfaceOrientations_iPhone = "UIInterfaceOrientationPortrait UIInterfaceOrientationLandscapeLeft UIInterfaceOrientationLandscapeRight";
				LD_RUNPATH_SEARCH_PATHS = (
					"$(inherited)",
					"@executable_path/Frameworks",
				);
				MARKETING_VERSION = 1.0;
				PRODUCT_BUNDLE_IDENTIFIER = com.abc.training.QuizAppV2;
				PRODUCT_NAME = "$(TARGET_NAME)";
				SWIFT_EMIT_LOC_STRINGS = YES;
				SWIFT_VERSION = 5.0;
				TARGETED_DEVICE_FAMILY = "1,2";
			};
			name = Debug;
		};
		5EDB1C9E27A8413E00B6B5F3 /* Release */ = {
			isa = XCBuildConfiguration;
			buildSettings = {
				ASSETCATALOG_COMPILER_APPICON_NAME = AppIcon;
				ASSETCATALOG_COMPILER_GLOBAL_ACCENT_COLOR_NAME = AccentColor;
				CODE_SIGN_STYLE = Automatic;
				CURRENT_PROJECT_VERSION = 1;
				DEVELOPMENT_TEAM = GXPW95FM4F;
				GENERATE_INFOPLIST_FILE = YES;
				INFOPLIST_FILE = QuizAppV2/Info.plist;
				INFOPLIST_KEY_UIApplicationSupportsIndirectInputEvents = YES;
				INFOPLIST_KEY_UILaunchStoryboardName = LaunchScreen;
				INFOPLIST_KEY_UIMainStoryboardFile = Main;
				INFOPLIST_KEY_UISupportedInterfaceOrientations_iPad = "UIInterfaceOrientationPortrait UIInterfaceOrientationPortraitUpsideDown UIInterfaceOrientationLandscapeLeft UIInterfaceOrientationLandscapeRight";
				INFOPLIST_KEY_UISupportedInterfaceOrientations_iPhone = "UIInterfaceOrientationPortrait UIInterfaceOrientationLandscapeLeft UIInterfaceOrientationLandscapeRight";
				LD_RUNPATH_SEARCH_PATHS = (
					"$(inherited)",
					"@executable_path/Frameworks",
				);
				MARKETING_VERSION = 1.0;
				PRODUCT_BUNDLE_IDENTIFIER = com.abc.training.QuizAppV2;
				PRODUCT_NAME = "$(TARGET_NAME)";
				SWIFT_EMIT_LOC_STRINGS = YES;
				SWIFT_VERSION = 5.0;
				TARGETED_DEVICE_FAMILY = "1,2";
			};
			name = Release;
		};
/* End XCBuildConfiguration section */

/* Begin XCConfigurationList section */
		5EDB1C8327A8413E00B6B5F3 /* Build configuration list for PBXProject "QuizAppV2" */ = {
			isa = XCConfigurationList;
			buildConfigurations = (
				5EDB1C9A27A8413E00B6B5F3 /* Debug */,
				5EDB1C9B27A8413E00B6B5F3 /* Release */,
			);
			defaultConfigurationIsVisible = 0;
			defaultConfigurationName = Release;
		};
		5EDB1C9C27A8413E00B6B5F3 /* Build configuration list for PBXNativeTarget "QuizAppV2" */ = {
			isa = XCConfigurationList;
			buildConfigurations = (
				5EDB1C9D27A8413E00B6B5F3 /* Debug */,
				5EDB1C9E27A8413E00B6B5F3 /* Release */,
			);
			defaultConfigurationIsVisible = 0;
			defaultConfigurationName = Release;
		};
/* End XCConfigurationList section */
	};
	rootObject = 5EDB1C8027A8413E00B6B5F3 /* Project object */;
}
